
Microsoft Visual Studio Solution File, Format Version 12.00
# Visual Studio 15
Project("{FAE04EC0-301F-11D3-BF4B-00C04F79EFBC}") = "Assembly-CSharp", "Assembly-CSharp.csproj", "{DA5569F0-F151-310F-0891-C1D655D239D8}"
EndProject
Project("{FAE04EC0-301F-11D3-BF4B-00C04F79EFBC}") = "Assembly-CSharp-Editor-firstpass", "Assembly-CSharp-Editor-firstpass.csproj", "{5DA1EEA5-999E-01ED-CC33-96B6D51FCC8D}"
EndProject
Global
	GlobalSection(SolutionConfigurationPlatforms) = preSolution
		Debug|Any CPU = Debug|Any CPU
		Release|Any CPU = Release|Any CPU
	EndGlobalSection
	GlobalSection(ProjectConfigurationPlatforms) = postSolution
		{DA5569F0-F151-310F-0891-C1D655D239D8}.Debug|Any CPU.ActiveCfg = Debug|Any CPU
		{DA5569F0-F151-310F-0891-C1D655D239D8}.Debug|Any CPU.Build.0 = Debug|Any CPU
		{DA5569F0-F151-310F-0891-C1D655D239D8}.Release|Any CPU.ActiveCfg = Release|Any CPU
		{DA5569F0-F151-310F-0891-C1D655D239D8}.Release|Any CPU.Build.0 = Release|Any CPU
		{5DA1EEA5-999E-01ED-CC33-96B6D51FCC8D}.Debug|Any CPU.ActiveCfg = Debug|Any CPU
		{5DA1EEA5-999E-01ED-CC33-96B6D51FCC8D}.Debug|Any CPU.Build.0 = Debug|Any CPU
		{5DA1EEA5-999E-01ED-CC33-96B6D51FCC8D}.Release|Any CPU.ActiveCfg = Release|Any CPU
		{5DA1EEA5-999E-01ED-CC33-96B6D51FCC8D}.Release|Any CPU.Build.0 = Release|Any CPU
	EndGlobalSection
	GlobalSection(SolutionProperties) = preSolution
		HideSolutionNode = FALSE
	EndGlobalSection
EndGlobal
