
Microsoft Visual Studio Solution File, Format Version 12.00
# Visual Studio 15
VisualStudioVersion = 15.0.28010.2041
MinimumVisualStudioVersion = 10.0.40219.1
Project("{FAE04EC0-301F-11D3-BF4B-00C04F79EFBC}") = "Assembly-CSharp", "Assembly-CSharp.csproj", "{6690B90F-8B9D-2CFF-22D8-3F3F02EC17B4}"
EndProject
Project("{FAE04EC0-301F-11D3-BF4B-00C04F79EFBC}") = "Assembly-CSharp-Editor-firstpass", "Assembly-CSharp-Editor-firstpass.csproj", "{B664BDA3-5709-88A6-5B1E-836D7100A814}"
EndProject
Global
	GlobalSection(SolutionConfigurationPlatforms) = preSolution
		Debug|Any CPU = Debug|Any CPU
		Release|Any CPU = Release|Any CPU
	EndGlobalSection
	GlobalSection(ProjectConfigurationPlatforms) = postSolution
		{6690B90F-8B9D-2CFF-22D8-3F3F02EC17B4}.Debug|Any CPU.ActiveCfg = Debug|Any CPU
		{6690B90F-8B9D-2CFF-22D8-3F3F02EC17B4}.Debug|Any CPU.Build.0 = Debug|Any CPU
		{6690B90F-8B9D-2CFF-22D8-3F3F02EC17B4}.Release|Any CPU.ActiveCfg = Release|Any CPU
		{6690B90F-8B9D-2CFF-22D8-3F3F02EC17B4}.Release|Any CPU.Build.0 = Release|Any CPU
		{B664BDA3-5709-88A6-5B1E-836D7100A814}.Debug|Any CPU.ActiveCfg = Debug|Any CPU
		{B664BDA3-5709-88A6-5B1E-836D7100A814}.Debug|Any CPU.Build.0 = Debug|Any CPU
		{B664BDA3-5709-88A6-5B1E-836D7100A814}.Release|Any CPU.ActiveCfg = Release|Any CPU
		{B664BDA3-5709-88A6-5B1E-836D7100A814}.Release|Any CPU.Build.0 = Release|Any CPU
	EndGlobalSection
	GlobalSection(SolutionProperties) = preSolution
		HideSolutionNode = FALSE
	EndGlobalSection
	GlobalSection(ExtensibilityGlobals) = postSolution
		SolutionGuid = {C8D17E76-27B7-4350-B541-D95187152D45}
	EndGlobalSection
EndGlobal
